cloud.google.com/go v0.123.0 h1:2NAUJwPR47q+E35uaJeYoNhuNEM9kM8SjgRgdeOJUSE=
cloud.google.com/go v0.123.0/go.mod h1:xBoMV08QcqUGuPW65Qfm1o9Y4zKZBpGS+7bImXLTAZU=
github.com/google/go-cmp v0.7.0 h1:wk8382ETsv4JYUZwIsn6YpYiWiBsYLSJiTsyBybVuN8=
github.com/google/go-cmp v0.7.0/go.mod h1:pXiqmnSA92OHEEa9HXL2W4E7lf9JzCmGVUdgjX3N/iU=
github.com/telemachus/opts v0.4.0 h1:aCL6zwictL3YtokSAjmSMvE5ALVCqU+oOndOwIakx+8=
github.com/telemachus/opts v0.4.0/go.mod h1:1pIFFh/OQGNUGzAVGxC+W0Zt27g1qnoTmZDTeMS3PVQ=
